
Microsoft Visual Studio Solution File, Format Version 12.00
# Visual Studio 15
VisualStudioVersion = 15.0.28307.106
MinimumVisualStudioVersion = 10.0.40219.1
Project("{FAE04EC0-301F-11D3-BF4B-00C04F79EFBC}") = "NDP_Projesi", "NDP_Projesi\NDP_Projesi.csproj", "{DA40BD8A-3312-415A-9E2A-34239FFA6810}"
EndProject
Global
	GlobalSection(SolutionConfigurationPlatforms) = preSolution
		Debug|Any CPU = Debug|Any CPU
		Release|Any CPU = Release|Any CPU
	EndGlobalSection
	GlobalSection(ProjectConfigurationPlatforms) = postSolution
		{DA40BD8A-3312-415A-9E2A-34239FFA6810}.Debug|Any CPU.ActiveCfg = Debug|Any CPU
		{DA40BD8A-3312-415A-9E2A-34239FFA6810}.Debug|Any CPU.Build.0 = Debug|Any CPU
		{DA40BD8A-3312-415A-9E2A-34239FFA6810}.Release|Any CPU.ActiveCfg = Release|Any CPU
		{DA40BD8A-3312-415A-9E2A-34239FFA6810}.Release|Any CPU.Build.0 = Release|Any CPU
	EndGlobalSection
	GlobalSection(SolutionProperties) = preSolution
		HideSolutionNode = FALSE
	EndGlobalSection
	GlobalSection(ExtensibilityGlobals) = postSolution
		SolutionGuid = {959A9DF3-E6BA-4F62-AB6F-5726C238C611}
	EndGlobalSection
EndGlobal
